{
  "name": "merkle-tree",
  "version": "1.0.0",
  "lockfileVersion": 1,
  "requires": true,
  "dependencies": {
    "buffer-chunks": {
      "version": "0.1.1",
      "resolved": "https://registry.npmjs.org/buffer-chunks/-/buffer-chunks-0.1.1.tgz",
      "integrity": "sha1-puGSAJoW48+zp+3UChuy6DytZxA="
    }
  }
}
